
Microsoft Visual Studio Solution File, Format Version 12.00
# Visual Studio 15
VisualStudioVersion = 15.0.27004.2010
MinimumVisualStudioVersion = 10.0.40219.1
Project("{9A19103F-16F7-4668-BE54-9A1E7A4F7556}") = "Angular", "Angular\Angular.csproj", "{7D44D18E-29EE-444F-9ED0-1BC284AEB6F0}"
EndProject
Project("{FAE04EC0-301F-11D3-BF4B-00C04F79EFBC}") = "ANDRADE.DEV.CONTAS", "ANDRADE.DEV.CONTAS\ANDRADE.DEV.CONTAS.csproj", "{346D0165-5DBB-47C2-8DA8-1C1F4740F7E1}"
EndProject
Global
	GlobalSection(SolutionConfigurationPlatforms) = preSolution
		Debug|Any CPU = Debug|Any CPU
		Release|Any CPU = Release|Any CPU
	EndGlobalSection
	GlobalSection(ProjectConfigurationPlatforms) = postSolution
		{7D44D18E-29EE-444F-9ED0-1BC284AEB6F0}.Debug|Any CPU.ActiveCfg = Debug|Any CPU
		{7D44D18E-29EE-444F-9ED0-1BC284AEB6F0}.Debug|Any CPU.Build.0 = Debug|Any CPU
		{7D44D18E-29EE-444F-9ED0-1BC284AEB6F0}.Release|Any CPU.ActiveCfg = Release|Any CPU
		{7D44D18E-29EE-444F-9ED0-1BC284AEB6F0}.Release|Any CPU.Build.0 = Release|Any CPU
		{346D0165-5DBB-47C2-8DA8-1C1F4740F7E1}.Debug|Any CPU.ActiveCfg = Debug|Any CPU
		{346D0165-5DBB-47C2-8DA8-1C1F4740F7E1}.Debug|Any CPU.Build.0 = Debug|Any CPU
		{346D0165-5DBB-47C2-8DA8-1C1F4740F7E1}.Release|Any CPU.ActiveCfg = Release|Any CPU
		{346D0165-5DBB-47C2-8DA8-1C1F4740F7E1}.Release|Any CPU.Build.0 = Release|Any CPU
	EndGlobalSection
	GlobalSection(SolutionProperties) = preSolution
		HideSolutionNode = FALSE
	EndGlobalSection
	GlobalSection(ExtensibilityGlobals) = postSolution
		SolutionGuid = {E9A04F1C-5462-41D1-8D16-FF4BBBAE6684}
	EndGlobalSection
EndGlobal
